
Microsoft Visual Studio Solution File, Format Version 12.00
# Visual Studio Version 17
VisualStudioVersion = 17.7.34031.279
MinimumVisualStudioVersion = 10.0.40219.1
Project("{FAE04EC0-301F-11D3-BF4B-00C04F79EFBC}") = "testRest", "testRest\testRest.csproj", "{D2788279-08F7-4F98-9A32-3A3B24A17C45}"
EndProject
Project("{FAE04EC0-301F-11D3-BF4B-00C04F79EFBC}") = "testRestTesting", "testRestTesting\testRestTesting.csproj", "{878BC679-7944-4767-A29B-D390709BF36F}"
EndProject
Global
	GlobalSection(SolutionConfigurationPlatforms) = preSolution
		Debug|Any CPU = Debug|Any CPU
		Release|Any CPU = Release|Any CPU
	EndGlobalSection
	GlobalSection(ProjectConfigurationPlatforms) = postSolution
		{D2788279-08F7-4F98-9A32-3A3B24A17C45}.Debug|Any CPU.ActiveCfg = Debug|Any CPU
		{D2788279-08F7-4F98-9A32-3A3B24A17C45}.Debug|Any CPU.Build.0 = Debug|Any CPU
		{D2788279-08F7-4F98-9A32-3A3B24A17C45}.Release|Any CPU.ActiveCfg = Release|Any CPU
		{D2788279-08F7-4F98-9A32-3A3B24A17C45}.Release|Any CPU.Build.0 = Release|Any CPU
		{878BC679-7944-4767-A29B-D390709BF36F}.Debug|Any CPU.ActiveCfg = Debug|Any CPU
		{878BC679-7944-4767-A29B-D390709BF36F}.Debug|Any CPU.Build.0 = Debug|Any CPU
		{878BC679-7944-4767-A29B-D390709BF36F}.Release|Any CPU.ActiveCfg = Release|Any CPU
		{878BC679-7944-4767-A29B-D390709BF36F}.Release|Any CPU.Build.0 = Release|Any CPU
	EndGlobalSection
	GlobalSection(SolutionProperties) = preSolution
		HideSolutionNode = FALSE
	EndGlobalSection
	GlobalSection(ExtensibilityGlobals) = postSolution
		SolutionGuid = {CC3776ED-50B7-443B-ADE5-FCFDC7CFE97C}
	EndGlobalSection
EndGlobal
